{
  "requires": true,
  "lockfileVersion": 1,
  "dependencies": {
    "bowser": {
      "version": "1.9.2",
      "resolved": "https://registry.npmjs.org/bowser/-/bowser-1.9.2.tgz",
      "integrity": "sha512-fuiANC1Bqbqa/S4gmvfCt7bGBmNELMsGZj4Wg3PrP6esP66Ttoj1JSlzFlXtHyduMv07kDNmDsX6VsMWT/MLGg=="
    },
    "element-resize-event": {
      "version": "2.0.9",
      "resolved": "https://registry.npmjs.org/element-resize-event/-/element-resize-event-2.0.9.tgz",
      "integrity": "sha1-L14VgaKW61J1IQwUG8VjQuIY+HY="
    },
    "inline-style-prefixer": {
      "version": "0.6.7",
      "resolved": "https://registry.npmjs.org/inline-style-prefixer/-/inline-style-prefixer-0.6.7.tgz",
      "integrity": "sha1-7rRTwsdkqnRx0cyRbCBvuBrKTnU=",
      "requires": {
        "bowser": "1.9.2"
      }
    },
    "lodash": {
      "version": "4.17.5",
      "resolved": "https://registry.npmjs.org/lodash/-/lodash-4.17.5.tgz",
      "integrity": "sha512-svL3uiZf1RwhH+cWrfZn3A4+U58wbP0tGVTLQPbjplZxZ8ROD9VLuNgsRniTlLe7OlSqR79RUehXgpBW/s0IQw=="
    },
    "lodash.includes": {
      "version": "4.3.0",
      "resolved": "https://registry.npmjs.org/lodash.includes/-/lodash.includes-4.3.0.tgz",
      "integrity": "sha1-YLuYqHy5I8aMoeUTJUgzFISfVT8="
    },
    "lodash.isfinite": {
      "version": "3.3.2",
      "resolved": "https://registry.npmjs.org/lodash.isfinite/-/lodash.isfinite-3.3.2.tgz",
      "integrity": "sha1-+4m2WpqAKBgz8LdHizpRBPiY67M="
    },
    "react-center-component": {
      "version": "3.0.0",
      "resolved": "https://registry.npmjs.org/react-center-component/-/react-center-component-3.0.0.tgz",
      "integrity": "sha1-0omGv0NOD46/9jyRJ38b9q0YnHI=",
      "requires": {
        "lodash": "4.17.5"
      }
    },
    "react-dimensions": {
      "version": "1.3.1",
      "resolved": "https://registry.npmjs.org/react-dimensions/-/react-dimensions-1.3.1.tgz",
      "integrity": "sha512-go5vMuGUxaB5PiTSIk+ZfAxLbHwcIgIfLhkBZ2SIMQjaCgnpttxa30z5ijEzfDjeOCTGRpxvkzcmE4Vt4Ppvyw==",
      "requires": {
        "element-resize-event": "2.0.9"
      }
    },
    "react-stack": {
      "version": "1.2.2",
      "resolved": "https://registry.npmjs.org/react-stack/-/react-stack-1.2.2.tgz",
      "integrity": "sha1-eaI59AzM/JyK7CAfqtB2WPbGX9o=",
      "requires": {
        "inline-style-prefixer": "0.6.7",
        "lodash.includes": "4.3.0",
        "lodash.isfinite": "3.3.2"
      }
    }
  }
}
